
Microsoft Visual Studio Solution File, Format Version 12.00
# Visual Studio 15
VisualStudioVersion = 15.0.27130.2003
MinimumVisualStudioVersion = 10.0.40219.1
Project("{FAE04EC0-301F-11D3-BF4B-00C04F79EFBC}") = "Homework_4", "Homework_4\Homework_4.csproj", "{76E86248-6A3F-4291-B398-E4012D763E5C}"
EndProject
Global
	GlobalSection(SolutionConfigurationPlatforms) = preSolution
		Debug|Any CPU = Debug|Any CPU
		Release|Any CPU = Release|Any CPU
	EndGlobalSection
	GlobalSection(ProjectConfigurationPlatforms) = postSolution
		{76E86248-6A3F-4291-B398-E4012D763E5C}.Debug|Any CPU.ActiveCfg = Debug|Any CPU
		{76E86248-6A3F-4291-B398-E4012D763E5C}.Debug|Any CPU.Build.0 = Debug|Any CPU
		{76E86248-6A3F-4291-B398-E4012D763E5C}.Release|Any CPU.ActiveCfg = Release|Any CPU
		{76E86248-6A3F-4291-B398-E4012D763E5C}.Release|Any CPU.Build.0 = Release|Any CPU
	EndGlobalSection
	GlobalSection(SolutionProperties) = preSolution
		HideSolutionNode = FALSE
	EndGlobalSection
	GlobalSection(ExtensibilityGlobals) = postSolution
		SolutionGuid = {6926BE8A-F643-4912-AB80-69E33EA5F9B2}
	EndGlobalSection
EndGlobal
